dependencies:
- name: common
  repository: https://bjw-s.github.io/helm-charts
  version: 1.5.1
- name: postgresql
  repository: oci://registry-1.docker.io/bitnamicharts
  version: 16.4.6
- name: redis
  repository: oci://registry-1.docker.io/bitnamicharts
  version: 20.6.3
digest: sha256:30b33d2dbc0b967b285064dbff51fbdf8b00baf1c1ac6c23a0c9cfd98d3e3c38
generated: "2025-02-08T16:23:40.830442121+01:00"
