dependencies:
- name: common
  repository: https://bjw-s.github.io/helm-charts
  version: 1.5.1
- name: postgresql
  repository: https://charts.bitnami.com/bitnami
  version: 16.4.6
- name: redis
  repository: https://charts.bitnami.com/bitnami
  version: 20.6.3
digest: sha256:45fe3c92b60832706fce44c362c691337257d6e4969e4caafb90955bf1538bee
generated: "2025-02-12T09:43:27.2540032+01:00"
